// !$*UTF8*$!
{
	archiveVersion = 1;
	classes = {
	};
	objectVersion = 46;
	objects = {

/* Begin PBXBuildFile section */
		88141C0D13D6EB0F00E32183 /* UIKit.framework in Frameworks */ = {isa = PBXBuildFile; fileRef = 88141C0C13D6EB0F00E32183 /* UIKit.framework */; };
		88141C0F13D6EB0F00E32183 /* Foundation.framework in Frameworks */ = {isa = PBXBuildFile; fileRef = 88141C0E13D6EB0F00E32183 /* Foundation.framework */; };
		88141C1113D6EB0F00E32183 /* CoreGraphics.framework in Frameworks */ = {isa = PBXBuildFile; fileRef = 88141C1013D6EB0F00E32183 /* CoreGraphics.framework */; };
		88141C1713D6EB0F00E32183 /* InfoPlist.strings in Resources */ = {isa = PBXBuildFile; fileRef = 88141C1513D6EB0F00E32183 /* InfoPlist.strings */; };
		88141C1913D6EB0F00E32183 /* main.m in Sources */ = {isa = PBXBuildFile; fileRef = 88141C1813D6EB0F00E32183 /* main.m */; };
		88141C1D13D6EB0F00E32183 /* OClusterMapViewSampleAppDelegate.m in Sources */ = {isa = PBXBuildFile; fileRef = 88141C1C13D6EB0F00E32183 /* OClusterMapViewSampleAppDelegate.m */; };
		88141C2313D6EB0F00E32183 /* OClusterMapViewSampleViewController.m in Sources */ = {isa = PBXBuildFile; fileRef = 88141C2213D6EB0F00E32183 /* OClusterMapViewSampleViewController.m */; };
		88141C3213D6EB6800E32183 /* OCAlgorithms.m in Sources */ = {isa = PBXBuildFile; fileRef = 88141C2B13D6EB6800E32183 /* OCAlgorithms.m */; };
		88141C3313D6EB6800E32183 /* OCAnnotation.m in Sources */ = {isa = PBXBuildFile; fileRef = 88141C2D13D6EB6800E32183 /* OCAnnotation.m */; };
		88141C3513D6EB6800E32183 /* OCMapView.m in Sources */ = {isa = PBXBuildFile; fileRef = 88141C3113D6EB6800E32183 /* OCMapView.m */; };
		88141C3813D6EB7400E32183 /* OCMapViewSampleHelpAnnotation.m in Sources */ = {isa = PBXBuildFile; fileRef = 88141C3613D6EB7400E32183 /* OCMapViewSampleHelpAnnotation.m */; };
		88141C3B13D6EB8B00E32183 /* MainStoryboard.storyboard in Resources */ = {isa = PBXBuildFile; fileRef = 88141C3913D6EB8B00E32183 /* MainStoryboard.storyboard */; };
		88141C3D13D6EBB300E32183 /* MapKit.framework in Frameworks */ = {isa = PBXBuildFile; fileRef = 88141C3C13D6EBB300E32183 /* MapKit.framework */; };
		88141C3F13D6EBB900E32183 /* CoreLocation.framework in Frameworks */ = {isa = PBXBuildFile; fileRef = 88141C3E13D6EBB900E32183 /* CoreLocation.framework */; };
		88418E7213D83F7100098600 /* OCDistance.m in Sources */ = {isa = PBXBuildFile; fileRef = 88418E7113D83F7100098600 /* OCDistance.m */; };
/* End PBXBuildFile section */

/* Begin PBXFileReference section */
		88141C0813D6EB0F00E32183 /* OClusterMapViewSample.app */ = {isa = PBXFileReference; explicitFileType = wrapper.application; includeInIndex = 0; path = OClusterMapViewSample.app; sourceTree = BUILT_PRODUCTS_DIR; };
		88141C0C13D6EB0F00E32183 /* UIKit.framework */ = {isa = PBXFileReference; lastKnownFileType = wrapper.framework; name = UIKit.framework; path = System/Library/Frameworks/UIKit.framework; sourceTree = SDKROOT; };
		88141C0E13D6EB0F00E32183 /* Foundation.framework */ = {isa = PBXFileReference; lastKnownFileType = wrapper.framework; name = Foundation.framework; path = System/Library/Frameworks/Foundation.framework; sourceTree = SDKROOT; };
		88141C1013D6EB0F00E32183 /* CoreGraphics.framework */ = {isa = PBXFileReference; lastKnownFileType = wrapper.framework; name = CoreGraphics.framework; path = System/Library/Frameworks/CoreGraphics.framework; sourceTree = SDKROOT; };
		88141C1413D6EB0F00E32183 /* OClusterMapViewSample-Info.plist */ = {isa = PBXFileReference; lastKnownFileType = text.plist.xml; path = "OClusterMapViewSample-Info.plist"; sourceTree = "<group>"; };
		88141C1613D6EB0F00E32183 /* en */ = {isa = PBXFileReference; lastKnownFileType = text.plist.strings; name = en; path = en.lproj/InfoPlist.strings; sourceTree = "<group>"; };
		88141C1813D6EB0F00E32183 /* main.m */ = {isa = PBXFileReference; lastKnownFileType = sourcecode.c.objc; path = main.m; sourceTree = "<group>"; };
		88141C1A13D6EB0F00E32183 /* OClusterMapViewSample-Prefix.pch */ = {isa = PBXFileReference; lastKnownFileType = sourcecode.c.h; path = "OClusterMapViewSample-Prefix.pch"; sourceTree = "<group>"; };
		88141C1B13D6EB0F00E32183 /* OClusterMapViewSampleAppDelegate.h */ = {isa = PBXFileReference; lastKnownFileType = sourcecode.c.h; path = OClusterMapViewSampleAppDelegate.h; sourceTree = "<group>"; };
		88141C1C13D6EB0F00E32183 /* OClusterMapViewSampleAppDelegate.m */ = {isa = PBXFileReference; lastKnownFileType = sourcecode.c.objc; path = OClusterMapViewSampleAppDelegate.m; sourceTree = "<group>"; };
		88141C2113D6EB0F00E32183 /* OClusterMapViewSampleViewController.h */ = {isa = PBXFileReference; lastKnownFileType = sourcecode.c.h; path = OClusterMapViewSampleViewController.h; sourceTree = "<group>"; };
		88141C2213D6EB0F00E32183 /* OClusterMapViewSampleViewController.m */ = {isa = PBXFileReference; lastKnownFileType = sourcecode.c.objc; path = OClusterMapViewSampleViewController.m; sourceTree = "<group>"; };
		88141C2A13D6EB6800E32183 /* OCAlgorithms.h */ = {isa = PBXFileReference; fileEncoding = 4; lastKnownFileType = sourcecode.c.h; path = OCAlgorithms.h; sourceTree = "<group>"; };
		88141C2B13D6EB6800E32183 /* OCAlgorithms.m */ = {isa = PBXFileReference; fileEncoding = 4; lastKnownFileType = sourcecode.c.objc; path = OCAlgorithms.m; sourceTree = "<group>"; };
		88141C2C13D6EB6800E32183 /* OCAnnotation.h */ = {isa = PBXFileReference; fileEncoding = 4; lastKnownFileType = sourcecode.c.h; path = OCAnnotation.h; sourceTree = "<group>"; };
		88141C2D13D6EB6800E32183 /* OCAnnotation.m */ = {isa = PBXFileReference; fileEncoding = 4; lastKnownFileType = sourcecode.c.objc; path = OCAnnotation.m; sourceTree = "<group>"; };
		88141C2E13D6EB6800E32183 /* OCDistance.h */ = {isa = PBXFileReference; fileEncoding = 4; lastKnownFileType = sourcecode.c.h; path = OCDistance.h; sourceTree = "<group>"; };
		88141C3013D6EB6800E32183 /* OCMapView.h */ = {isa = PBXFileReference; fileEncoding = 4; lastKnownFileType = sourcecode.c.h; path = OCMapView.h; sourceTree = "<group>"; };
		88141C3113D6EB6800E32183 /* OCMapView.m */ = {isa = PBXFileReference; fileEncoding = 4; lastKnownFileType = sourcecode.c.objc; path = OCMapView.m; sourceTree = "<group>"; };
		88141C3613D6EB7400E32183 /* OCMapViewSampleHelpAnnotation.m */ = {isa = PBXFileReference; fileEncoding = 4; lastKnownFileType = sourcecode.c.objc; path = OCMapViewSampleHelpAnnotation.m; sourceTree = "<group>"; };
		88141C3713D6EB7400E32183 /* OCMapViewSampleHelpAnnotation.h */ = {isa = PBXFileReference; fileEncoding = 4; lastKnownFileType = sourcecode.c.h; path = OCMapViewSampleHelpAnnotation.h; sourceTree = "<group>"; };
		88141C3A13D6EB8B00E32183 /* en */ = {isa = PBXFileReference; lastKnownFileType = file.storyboard; name = en; path = en.lproj/MainStoryboard.storyboard; sourceTree = "<group>"; };
		88141C3C13D6EBB300E32183 /* MapKit.framework */ = {isa = PBXFileReference; lastKnownFileType = wrapper.framework; name = MapKit.framework; path = System/Library/Frameworks/MapKit.framework; sourceTree = SDKROOT; };
		88141C3E13D6EBB900E32183 /* CoreLocation.framework */ = {isa = PBXFileReference; lastKnownFileType = wrapper.framework; name = CoreLocation.framework; path = System/Library/Frameworks/CoreLocation.framework; sourceTree = SDKROOT; };
		88418E7113D83F7100098600 /* OCDistance.m */ = {isa = PBXFileReference; fileEncoding = 4; lastKnownFileType = sourcecode.c.objc; path = OCDistance.m; sourceTree = "<group>"; };
/* End PBXFileReference section */

/* Begin PBXFrameworksBuildPhase section */
		88141C0513D6EB0F00E32183 /* Frameworks */ = {
			isa = PBXFrameworksBuildPhase;
			buildActionMask = 2147483647;
			files = (
				88141C3F13D6EBB900E32183 /* CoreLocation.framework in Frameworks */,
				88141C3D13D6EBB300E32183 /* MapKit.framework in Frameworks */,
				88141C0D13D6EB0F00E32183 /* UIKit.framework in Frameworks */,
				88141C0F13D6EB0F00E32183 /* Foundation.framework in Frameworks */,
				88141C1113D6EB0F00E32183 /* CoreGraphics.framework in Frameworks */,
			);
			runOnlyForDeploymentPostprocessing = 0;
		};
/* End PBXFrameworksBuildPhase section */

/* Begin PBXGroup section */
		88141BFD13D6EB0E00E32183 = {
			isa = PBXGroup;
			children = (
				88141C3E13D6EBB900E32183 /* CoreLocation.framework */,
				88141C3C13D6EBB300E32183 /* MapKit.framework */,
				88141C1213D6EB0F00E32183 /* OClusterMapViewSample */,
				88141C2913D6EB6800E32183 /* OCMapView */,
				88141C0B13D6EB0F00E32183 /* Frameworks */,
				88141C0913D6EB0F00E32183 /* Products */,
			);
			sourceTree = "<group>";
		};
		88141C0913D6EB0F00E32183 /* Products */ = {
			isa = PBXGroup;
			children = (
				88141C0813D6EB0F00E32183 /* OClusterMapViewSample.app */,
			);
			name = Products;
			sourceTree = "<group>";
		};
		88141C0B13D6EB0F00E32183 /* Frameworks */ = {
			isa = PBXGroup;
			children = (
				88141C0C13D6EB0F00E32183 /* UIKit.framework */,
				88141C0E13D6EB0F00E32183 /* Foundation.framework */,
				88141C1013D6EB0F00E32183 /* CoreGraphics.framework */,
			);
			name = Frameworks;
			sourceTree = "<group>";
		};
		88141C1213D6EB0F00E32183 /* OClusterMapViewSample */ = {
			isa = PBXGroup;
			children = (
				88141C1B13D6EB0F00E32183 /* OClusterMapViewSampleAppDelegate.h */,
				88141C1C13D6EB0F00E32183 /* OClusterMapViewSampleAppDelegate.m */,
				88141C3913D6EB8B00E32183 /* MainStoryboard.storyboard */,
				88141C2113D6EB0F00E32183 /* OClusterMapViewSampleViewController.h */,
				88141C2213D6EB0F00E32183 /* OClusterMapViewSampleViewController.m */,
				88141C3613D6EB7400E32183 /* OCMapViewSampleHelpAnnotation.m */,
				88141C3713D6EB7400E32183 /* OCMapViewSampleHelpAnnotation.h */,
				88141C1313D6EB0F00E32183 /* Supporting Files */,
			);
			path = OClusterMapViewSample;
			sourceTree = "<group>";
		};
		88141C1313D6EB0F00E32183 /* Supporting Files */ = {
			isa = PBXGroup;
			children = (
				88141C1413D6EB0F00E32183 /* OClusterMapViewSample-Info.plist */,
				88141C1513D6EB0F00E32183 /* InfoPlist.strings */,
				88141C1813D6EB0F00E32183 /* main.m */,
				88141C1A13D6EB0F00E32183 /* OClusterMapViewSample-Prefix.pch */,
			);
			name = "Supporting Files";
			sourceTree = "<group>";
		};
		88141C2913D6EB6800E32183 /* OCMapView */ = {
			isa = PBXGroup;
			children = (
				88141C2A13D6EB6800E32183 /* OCAlgorithms.h */,
				88141C2B13D6EB6800E32183 /* OCAlgorithms.m */,
				88141C2C13D6EB6800E32183 /* OCAnnotation.h */,
				88141C2D13D6EB6800E32183 /* OCAnnotation.m */,
				88141C2E13D6EB6800E32183 /* OCDistance.h */,
				88418E7113D83F7100098600 /* OCDistance.m */,
				88141C3013D6EB6800E32183 /* OCMapView.h */,
				88141C3113D6EB6800E32183 /* OCMapView.m */,
			);
			path = OCMapView;
			sourceTree = "<group>";
		};
/* End PBXGroup section */

/* Begin PBXNativeTarget section */
		88141C0713D6EB0F00E32183 /* OClusterMapViewSample */ = {
			isa = PBXNativeTarget;
			buildConfigurationList = 88141C2613D6EB0F00E32183 /* Build configuration list for PBXNativeTarget "OClusterMapViewSample" */;
			buildPhases = (
				88141C0413D6EB0F00E32183 /* Sources */,
				88141C0513D6EB0F00E32183 /* Frameworks */,
				88141C0613D6EB0F00E32183 /* Resources */,
			);
			buildRules = (
			);
			dependencies = (
			);
			name = OClusterMapViewSample;
			productName = OClusterMapViewSample;
			productReference = 88141C0813D6EB0F00E32183 /* OClusterMapViewSample.app */;
			productType = "com.apple.product-type.application";
		};
/* End PBXNativeTarget section */

/* Begin PBXProject section */
		88141BFF13D6EB0E00E32183 /* Project object */ = {
			isa = PBXProject;
			buildConfigurationList = 88141C0213D6EB0E00E32183 /* Build configuration list for PBXProject "OClusterMapViewSample" */;
			compatibilityVersion = "Xcode 3.2";
			developmentRegion = English;
			hasScannedForEncodings = 0;
			knownRegions = (
				en,
			);
			mainGroup = 88141BFD13D6EB0E00E32183;
			productRefGroup = 88141C0913D6EB0F00E32183 /* Products */;
			projectDirPath = "";
			projectRoot = "";
			targets = (
				88141C0713D6EB0F00E32183 /* OClusterMapViewSample */,
			);
		};
/* End PBXProject section */

/* Begin PBXResourcesBuildPhase section */
		88141C0613D6EB0F00E32183 /* Resources */ = {
			isa = PBXResourcesBuildPhase;
			buildActionMask = 2147483647;
			files = (
				88141C1713D6EB0F00E32183 /* InfoPlist.strings in Resources */,
				88141C3B13D6EB8B00E32183 /* MainStoryboard.storyboard in Resources */,
			);
			runOnlyForDeploymentPostprocessing = 0;
		};
/* End PBXResourcesBuildPhase section */

/* Begin PBXSourcesBuildPhase section */
		88141C0413D6EB0F00E32183 /* Sources */ = {
			isa = PBXSourcesBuildPhase;
			buildActionMask = 2147483647;
			files = (
				88141C1913D6EB0F00E32183 /* main.m in Sources */,
				88141C1D13D6EB0F00E32183 /* OClusterMapViewSampleAppDelegate.m in Sources */,
				88141C2313D6EB0F00E32183 /* OClusterMapViewSampleViewController.m in Sources */,
				88141C3213D6EB6800E32183 /* OCAlgorithms.m in Sources */,
				88141C3313D6EB6800E32183 /* OCAnnotation.m in Sources */,
				88141C3513D6EB6800E32183 /* OCMapView.m in Sources */,
				88141C3813D6EB7400E32183 /* OCMapViewSampleHelpAnnotation.m in Sources */,
				88418E7213D83F7100098600 /* OCDistance.m in Sources */,
			);
			runOnlyForDeploymentPostprocessing = 0;
		};
/* End PBXSourcesBuildPhase section */

/* Begin PBXVariantGroup section */
		88141C1513D6EB0F00E32183 /* InfoPlist.strings */ = {
			isa = PBXVariantGroup;
			children = (
				88141C1613D6EB0F00E32183 /* en */,
			);
			name = InfoPlist.strings;
			sourceTree = "<group>";
		};
		88141C3913D6EB8B00E32183 /* MainStoryboard.storyboard */ = {
			isa = PBXVariantGroup;
			children = (
				88141C3A13D6EB8B00E32183 /* en */,
			);
			name = MainStoryboard.storyboard;
			sourceTree = "<group>";
		};
/* End PBXVariantGroup section */

/* Begin XCBuildConfiguration section */
		88141C2413D6EB0F00E32183 /* Debug */ = {
			isa = XCBuildConfiguration;
			buildSettings = {
				ALWAYS_SEARCH_USER_PATHS = NO;
				ARCHS = "$(ARCHS_STANDARD_32_BIT)";
				CLANG_ENABLE_OBJC_ARC = YES;
				"CODE_SIGN_IDENTITY[sdk=iphoneos*]" = "iPhone Developer";
				COPY_PHASE_STRIP = NO;
				GCC_C_LANGUAGE_STANDARD = gnu99;
				GCC_DYNAMIC_NO_PIC = NO;
				GCC_OPTIMIZATION_LEVEL = 0;
				GCC_PREPROCESSOR_DEFINITIONS = (
					"DEBUG=1",
					"$(inherited)",
				);
				GCC_SYMBOLS_PRIVATE_EXTERN = NO;
				GCC_VERSION = com.apple.compilers.llvm.clang.1_0;
				GCC_WARN_ABOUT_MISSING_PROTOTYPES = YES;
				GCC_WARN_ABOUT_RETURN_TYPE = YES;
				GCC_WARN_UNUSED_VARIABLE = YES;
				IPHONEOS_DEPLOYMENT_TARGET = 5.0;
				SDKROOT = iphoneos;
			};
			name = Debug;
		};
		88141C2513D6EB0F00E32183 /* Release */ = {
			isa = XCBuildConfiguration;
			buildSettings = {
				ALWAYS_SEARCH_USER_PATHS = NO;
				ARCHS = "$(ARCHS_STANDARD_32_BIT)";
				CLANG_ENABLE_OBJC_ARC = YES;
				"CODE_SIGN_IDENTITY[sdk=iphoneos*]" = "iPhone Developer";
				COPY_PHASE_STRIP = YES;
				GCC_C_LANGUAGE_STANDARD = gnu99;
				GCC_VERSION = com.apple.compilers.llvm.clang.1_0;
				GCC_WARN_ABOUT_MISSING_PROTOTYPES = YES;
				GCC_WARN_ABOUT_RETURN_TYPE = YES;
				GCC_WARN_UNUSED_VARIABLE = YES;
				IPHONEOS_DEPLOYMENT_TARGET = 5.0;
				OTHER_CFLAGS = "-DNS_BLOCK_ASSERTIONS=1";
				SDKROOT = iphoneos;
				VALIDATE_PRODUCT = YES;
			};
			name = Release;
		};
		88141C2713D6EB0F00E32183 /* Debug */ = {
			isa = XCBuildConfiguration;
			buildSettings = {
				CODE_SIGN_IDENTITY = "iPhone Developer";
				GCC_PRECOMPILE_PREFIX_HEADER = YES;
				GCC_PREFIX_HEADER = "OClusterMapViewSample/OClusterMapViewSample-Prefix.pch";
				INFOPLIST_FILE = "OClusterMapViewSample/OClusterMapViewSample-Info.plist";
				PRODUCT_NAME = "$(TARGET_NAME)";
				PROVISIONING_PROFILE = "";
				WRAPPER_EXTENSION = app;
			};
			name = Debug;
		};
		88141C2813D6EB0F00E32183 /* Release */ = {
			isa = XCBuildConfiguration;
			buildSettings = {
				CODE_SIGN_IDENTITY = "iPhone Developer";
				GCC_PRECOMPILE_PREFIX_HEADER = YES;
				GCC_PREFIX_HEADER = "OClusterMapViewSample/OClusterMapViewSample-Prefix.pch";
				INFOPLIST_FILE = "OClusterMapViewSample/OClusterMapViewSample-Info.plist";
				PRODUCT_NAME = "$(TARGET_NAME)";
				PROVISIONING_PROFILE = "";
				WRAPPER_EXTENSION = app;
			};
			name = Release;
		};
/* End XCBuildConfiguration section */

/* Begin XCConfigurationList section */
		88141C0213D6EB0E00E32183 /* Build configuration list for PBXProject "OClusterMapViewSample" */ = {
			isa = XCConfigurationList;
			buildConfigurations = (
				88141C2413D6EB0F00E32183 /* Debug */,
				88141C2513D6EB0F00E32183 /* Release */,
			);
			defaultConfigurationIsVisible = 0;
			defaultConfigurationName = Release;
		};
		88141C2613D6EB0F00E32183 /* Build configuration list for PBXNativeTarget "OClusterMapViewSample" */ = {
			isa = XCConfigurationList;
			buildConfigurations = (
				88141C2713D6EB0F00E32183 /* Debug */,
				88141C2813D6EB0F00E32183 /* Release */,
			);
			defaultConfigurationIsVisible = 0;
			defaultConfigurationName = Release;
		};
/* End XCConfigurationList section */
	};
	rootObject = 88141BFF13D6EB0E00E32183 /* Project object */;
}
